
Microsoft Visual Studio Solution File, Format Version 12.00
# Visual Studio Version 17
VisualStudioVersion = 17.5.33424.131
MinimumVisualStudioVersion = 10.0.40219.1
Project("{FAE04EC0-301F-11D3-BF4B-00C04F79EFBC}") = "WIUT_CW", "WIUT_CW\WIUT_CW.csproj", "{8EA3ACA1-47F3-44ED-89FD-344078DA33C3}"
EndProject
Global
	GlobalSection(SolutionConfigurationPlatforms) = preSolution
		Debug|Any CPU = Debug|Any CPU
		Release|Any CPU = Release|Any CPU
	EndGlobalSection
	GlobalSection(ProjectConfigurationPlatforms) = postSolution
		{8EA3ACA1-47F3-44ED-89FD-344078DA33C3}.Debug|Any CPU.ActiveCfg = Debug|Any CPU
		{8EA3ACA1-47F3-44ED-89FD-344078DA33C3}.Debug|Any CPU.Build.0 = Debug|Any CPU
		{8EA3ACA1-47F3-44ED-89FD-344078DA33C3}.Release|Any CPU.ActiveCfg = Release|Any CPU
		{8EA3ACA1-47F3-44ED-89FD-344078DA33C3}.Release|Any CPU.Build.0 = Release|Any CPU
	EndGlobalSection
	GlobalSection(SolutionProperties) = preSolution
		HideSolutionNode = FALSE
	EndGlobalSection
	GlobalSection(ExtensibilityGlobals) = postSolution
		SolutionGuid = {A0AD97AF-1EFB-405B-B2E9-FAA0FCBB1686}
	EndGlobalSection
EndGlobal
